
Microsoft Visual Studio Solution File, Format Version 12.00
# Visual Studio Version 17
VisualStudioVersion = 17.13.35919.96 d17.13
MinimumVisualStudioVersion = 10.0.40219.1
Project("{FAE04EC0-301F-11D3-BF4B-00C04F79EFBC}") = "NET_9_Business_App_MinimalAPI_Results", "NET_9_Business_App_MinimalAPI_Results.csproj", "{FBD3DE52-6073-433A-AF4F-EB2DD9158828}"
EndProject
Global
	GlobalSection(SolutionConfigurationPlatforms) = preSolution
		Debug|Any CPU = Debug|Any CPU
		Release|Any CPU = Release|Any CPU
	EndGlobalSection
	GlobalSection(ProjectConfigurationPlatforms) = postSolution
		{FBD3DE52-6073-433A-AF4F-EB2DD9158828}.Debug|Any CPU.ActiveCfg = Debug|Any CPU
		{FBD3DE52-6073-433A-AF4F-EB2DD9158828}.Debug|Any CPU.Build.0 = Debug|Any CPU
		{FBD3DE52-6073-433A-AF4F-EB2DD9158828}.Release|Any CPU.ActiveCfg = Release|Any CPU
		{FBD3DE52-6073-433A-AF4F-EB2DD9158828}.Release|Any CPU.Build.0 = Release|Any CPU
	EndGlobalSection
	GlobalSection(SolutionProperties) = preSolution
		HideSolutionNode = FALSE
	EndGlobalSection
	GlobalSection(ExtensibilityGlobals) = postSolution
		SolutionGuid = {90B8AE73-226D-444A-BA2A-5361B51EA091}
	EndGlobalSection
EndGlobal
